
Microsoft Visual Studio Solution File, Format Version 12.00
# Visual Studio Version 16
VisualStudioVersion = 16.0.0.0
MinimumVisualStudioVersion = 16.0.0.0
Project("{9A19103F-16F7-4668-BE54-9A1E7A4F7556}") = "custom_renderer.Windows", "custom_renderer.Windows\custom_renderer.Windows.csproj", "{D8538D19-E430-456A-AB11-D08BA084DB62}"
EndProject
Project("{9A19103F-16F7-4668-BE54-9A1E7A4F7556}") = "custom_renderer", "custom_renderer\custom_renderer.csproj", "{DDF1820F-4FE1-4A2C-B8A5-93839E011046}"
EndProject
Project("{2150E333-8FDC-42A3-9474-1A3956D46DE8}") = "Solution Items", "Solution Items", "{BF20F902-6C61-407E-B678-8D4CF4A15A02}"
	ProjectSection(SolutionItems) = preProject
		LICENSE = LICENSE
	EndProjectSection
EndProject
Global
	GlobalSection(SolutionConfigurationPlatforms) = preSolution
		Debug|Any CPU = Debug|Any CPU
		Release|Any CPU = Release|Any CPU
	EndGlobalSection
	GlobalSection(ProjectConfigurationPlatforms) = postSolution
		{D8538D19-E430-456A-AB11-D08BA084DB62}.Debug|Any CPU.ActiveCfg = Debug|Any CPU
		{D8538D19-E430-456A-AB11-D08BA084DB62}.Debug|Any CPU.Build.0 = Debug|Any CPU
		{D8538D19-E430-456A-AB11-D08BA084DB62}.Release|Any CPU.ActiveCfg = Release|Any CPU
		{D8538D19-E430-456A-AB11-D08BA084DB62}.Release|Any CPU.Build.0 = Release|Any CPU
		{DDF1820F-4FE1-4A2C-B8A5-93839E011046}.Debug|Any CPU.ActiveCfg = Debug|Any CPU
		{DDF1820F-4FE1-4A2C-B8A5-93839E011046}.Debug|Any CPU.Build.0 = Debug|Any CPU
		{DDF1820F-4FE1-4A2C-B8A5-93839E011046}.Release|Any CPU.ActiveCfg = Release|Any CPU
		{DDF1820F-4FE1-4A2C-B8A5-93839E011046}.Release|Any CPU.Build.0 = Release|Any CPU
	EndGlobalSection
	GlobalSection(SolutionProperties) = preSolution
		HideSolutionNode = FALSE
	EndGlobalSection
	GlobalSection(ExtensibilityGlobals) = postSolution
		SolutionGuid = {1B912620-3EA7-4A0B-9077-999648CD5516}
	EndGlobalSection
EndGlobal
